
Microsoft Visual Studio Solution File, Format Version 12.00
# Visual Studio 14
VisualStudioVersion = 14.0.25420.1
MinimumVisualStudioVersion = 10.0.40219.1
Project("{FAE04EC0-301F-11D3-BF4B-00C04F79EFBC}") = "TransactionLib", "TransactionLib\TransactionLib.csproj", "{1015E3FB-A00F-40A9-AED8-37EAF6D8E8AB}"
EndProject
Project("{FAE04EC0-301F-11D3-BF4B-00C04F79EFBC}") = "TransactionLibTests", "TransactionLibTests\TransactionLibTests.csproj", "{14C456C6-FEE2-4DE5-A862-109C28B2B334}"
EndProject
Global
	GlobalSection(SolutionConfigurationPlatforms) = preSolution
		Debug|Any CPU = Debug|Any CPU
		Release|Any CPU = Release|Any CPU
	EndGlobalSection
	GlobalSection(ProjectConfigurationPlatforms) = postSolution
		{1015E3FB-A00F-40A9-AED8-37EAF6D8E8AB}.Debug|Any CPU.ActiveCfg = Debug|Any CPU
		{1015E3FB-A00F-40A9-AED8-37EAF6D8E8AB}.Debug|Any CPU.Build.0 = Debug|Any CPU
		{1015E3FB-A00F-40A9-AED8-37EAF6D8E8AB}.Release|Any CPU.ActiveCfg = Release|Any CPU
		{1015E3FB-A00F-40A9-AED8-37EAF6D8E8AB}.Release|Any CPU.Build.0 = Release|Any CPU
		{14C456C6-FEE2-4DE5-A862-109C28B2B334}.Debug|Any CPU.ActiveCfg = Debug|Any CPU
		{14C456C6-FEE2-4DE5-A862-109C28B2B334}.Debug|Any CPU.Build.0 = Debug|Any CPU
		{14C456C6-FEE2-4DE5-A862-109C28B2B334}.Release|Any CPU.ActiveCfg = Release|Any CPU
		{14C456C6-FEE2-4DE5-A862-109C28B2B334}.Release|Any CPU.Build.0 = Release|Any CPU
	EndGlobalSection
	GlobalSection(SolutionProperties) = preSolution
		HideSolutionNode = FALSE
	EndGlobalSection
EndGlobal
